
Microsoft Visual Studio Solution File, Format Version 12.00
# Visual Studio Version 17
VisualStudioVersion = 17.5.33516.290
MinimumVisualStudioVersion = 10.0.40219.1
Project("{FAE04EC0-301F-11D3-BF4B-00C04F79EFBC}") = "WebDocker", "WebDocker\WebDocker.csproj", "{7324DD77-CCA7-4862-B56F-4A80884EC85D}"
EndProject
Global
	GlobalSection(SolutionConfigurationPlatforms) = preSolution
		Debug|Any CPU = Debug|Any CPU
		Release|Any CPU = Release|Any CPU
	EndGlobalSection
	GlobalSection(ProjectConfigurationPlatforms) = postSolution
		{7324DD77-CCA7-4862-B56F-4A80884EC85D}.Debug|Any CPU.ActiveCfg = Debug|Any CPU
		{7324DD77-CCA7-4862-B56F-4A80884EC85D}.Debug|Any CPU.Build.0 = Debug|Any CPU
		{7324DD77-CCA7-4862-B56F-4A80884EC85D}.Release|Any CPU.ActiveCfg = Release|Any CPU
		{7324DD77-CCA7-4862-B56F-4A80884EC85D}.Release|Any CPU.Build.0 = Release|Any CPU
	EndGlobalSection
	GlobalSection(SolutionProperties) = preSolution
		HideSolutionNode = FALSE
	EndGlobalSection
	GlobalSection(ExtensibilityGlobals) = postSolution
		SolutionGuid = {B469FF7C-2D81-4B42-A1A0-C55D7A2D4DD3}
	EndGlobalSection
EndGlobal
