
Microsoft Visual Studio Solution File, Format Version 12.00
# Visual Studio Version 17
VisualStudioVersion = 17.5.33516.290
MinimumVisualStudioVersion = 10.0.40219.1
Project("{FAE04EC0-301F-11D3-BF4B-00C04F79EFBC}") = "HealthCheck", "HealthCheck\HealthCheck.csproj", "{C95217B2-A47F-4A06-86C1-02C7D635E25E}"
EndProject
Global
	GlobalSection(SolutionConfigurationPlatforms) = preSolution
		Debug|Any CPU = Debug|Any CPU
		Release|Any CPU = Release|Any CPU
	EndGlobalSection
	GlobalSection(ProjectConfigurationPlatforms) = postSolution
		{C95217B2-A47F-4A06-86C1-02C7D635E25E}.Debug|Any CPU.ActiveCfg = Debug|Any CPU
		{C95217B2-A47F-4A06-86C1-02C7D635E25E}.Debug|Any CPU.Build.0 = Debug|Any CPU
		{C95217B2-A47F-4A06-86C1-02C7D635E25E}.Release|Any CPU.ActiveCfg = Release|Any CPU
		{C95217B2-A47F-4A06-86C1-02C7D635E25E}.Release|Any CPU.Build.0 = Release|Any CPU
	EndGlobalSection
	GlobalSection(SolutionProperties) = preSolution
		HideSolutionNode = FALSE
	EndGlobalSection
	GlobalSection(ExtensibilityGlobals) = postSolution
		SolutionGuid = {F52DE567-8036-47CF-AA1E-1478886BD8AA}
	EndGlobalSection
EndGlobal
