
Microsoft Visual Studio Solution File, Format Version 12.00
# Visual Studio Version 17
VisualStudioVersion = 17.5.33516.290
MinimumVisualStudioVersion = 10.0.40219.1
Project("{FAE04EC0-301F-11D3-BF4B-00C04F79EFBC}") = "WebDocker2", "WebDocker2.csproj", "{8C637D76-A645-446D-B684-D85AD7040906}"
EndProject
Global
	GlobalSection(SolutionConfigurationPlatforms) = preSolution
		Debug|Any CPU = Debug|Any CPU
		Release|Any CPU = Release|Any CPU
	EndGlobalSection
	GlobalSection(ProjectConfigurationPlatforms) = postSolution
		{8C637D76-A645-446D-B684-D85AD7040906}.Debug|Any CPU.ActiveCfg = Debug|Any CPU
		{8C637D76-A645-446D-B684-D85AD7040906}.Debug|Any CPU.Build.0 = Debug|Any CPU
		{8C637D76-A645-446D-B684-D85AD7040906}.Release|Any CPU.ActiveCfg = Release|Any CPU
		{8C637D76-A645-446D-B684-D85AD7040906}.Release|Any CPU.Build.0 = Release|Any CPU
	EndGlobalSection
	GlobalSection(SolutionProperties) = preSolution
		HideSolutionNode = FALSE
	EndGlobalSection
	GlobalSection(ExtensibilityGlobals) = postSolution
		SolutionGuid = {B3E1B5B2-DA78-42A6-B656-CCF12BB8E64E}
	EndGlobalSection
EndGlobal
